
Microsoft Visual Studio Solution File, Format Version 12.00
# Visual Studio Version 17
VisualStudioVersion = 17.12.35521.163 d17.12
MinimumVisualStudioVersion = 10.0.40219.1
Project("{FAE04EC0-301F-11D3-BF4B-00C04F79EFBC}") = "Blazor8.ReconexionRemota", "Blazor8.ReconexionRemota\Blazor8.ReconexionRemota\Blazor8.ReconexionRemota.csproj", "{2BFF0116-B621-4228-8CA5-DA3A1DD3E2AE}"
EndProject
Project("{FAE04EC0-301F-11D3-BF4B-00C04F79EFBC}") = "Blazor8.ReconexionRemota.Client", "Blazor8.ReconexionRemota\Blazor8.ReconexionRemota.Client\Blazor8.ReconexionRemota.Client.csproj", "{D871B5C7-3528-4A48-9558-946BDE08DDDE}"
EndProject
Global
	GlobalSection(SolutionConfigurationPlatforms) = preSolution
		Debug|Any CPU = Debug|Any CPU
		Release|Any CPU = Release|Any CPU
	EndGlobalSection
	GlobalSection(ProjectConfigurationPlatforms) = postSolution
		{2BFF0116-B621-4228-8CA5-DA3A1DD3E2AE}.Debug|Any CPU.ActiveCfg = Debug|Any CPU
		{2BFF0116-B621-4228-8CA5-DA3A1DD3E2AE}.Debug|Any CPU.Build.0 = Debug|Any CPU
		{2BFF0116-B621-4228-8CA5-DA3A1DD3E2AE}.Release|Any CPU.ActiveCfg = Release|Any CPU
		{2BFF0116-B621-4228-8CA5-DA3A1DD3E2AE}.Release|Any CPU.Build.0 = Release|Any CPU
		{D871B5C7-3528-4A48-9558-946BDE08DDDE}.Debug|Any CPU.ActiveCfg = Debug|Any CPU
		{D871B5C7-3528-4A48-9558-946BDE08DDDE}.Debug|Any CPU.Build.0 = Debug|Any CPU
		{D871B5C7-3528-4A48-9558-946BDE08DDDE}.Release|Any CPU.ActiveCfg = Release|Any CPU
		{D871B5C7-3528-4A48-9558-946BDE08DDDE}.Release|Any CPU.Build.0 = Release|Any CPU
	EndGlobalSection
	GlobalSection(SolutionProperties) = preSolution
		HideSolutionNode = FALSE
	EndGlobalSection
EndGlobal
